<?xml version="1.0" encoding="utf-8"?>
<Project ToolsVersion="4.0" xmlns="http://schemas.microsoft.com/developer/msbuild/2003">
  <ItemGroup>
    <Filter Include="02-Specific%28Windows%29">
      <UniqueIdentifier>{7697bdd3-f4c9-434a-83e2-dc313765daac}</UniqueIdentifier>
    </Filter>
    <Filter Include="02-Specific%28Windows%29\01-Shell">
      <UniqueIdentifier>{5e0057b4-37ff-4c26-b8fd-3a1f1dc760b0}</UniqueIdentifier>
    </Filter>
    <Filter Include="02-Specific%28Windows%29\02-OSAL">
      <UniqueIdentifier>{d0112a1b-c851-4d07-819d-f151660c057c}</UniqueIdentifier>
    </Filter>
    <Filter Include="02-Specific%28Windows%29\02-OSAL\01-Uart">
      <UniqueIdentifier>{75817c2d-5a9d-45a7-9c59-abac9d5147bb}</UniqueIdentifier>
    </Filter>
    <Filter Include="01-Common">
      <UniqueIdentifier>{f4afb99a-3d1e-4810-b0f4-380c9cfecc07}</UniqueIdentifier>
    </Filter>
    <Filter Include="01-Common\01-Interface">
      <UniqueIdentifier>{65064645-c8f1-4d50-a7e7-2fe654fdb87e}</UniqueIdentifier>
    </Filter>
    <Filter Include="01-Common\02-AppLayer">
      <UniqueIdentifier>{96e88c8e-f145-4c0a-bc4f-692578d8d7dc}</UniqueIdentifier>
    </Filter>
    <Filter Include="01-Common\03-Layer7">
      <UniqueIdentifier>{fdb90219-9b84-4046-b7c8-e1d03a197c1c}</UniqueIdentifier>
    </Filter>
    <Filter Include="01-Common\04-Layer2">
      <UniqueIdentifier>{e4bf8fd6-dccb-458b-8432-4a3482187e55}</UniqueIdentifier>
    </Filter>
    <Filter Include="01-Common\04-Layer2\01-Uart">
      <UniqueIdentifier>{23be9400-2fad-490f-8fad-f175b59e7d9d}</UniqueIdentifier>
    </Filter>
    <Filter Include="01-Common\04-Layer2\02-HartIp">
      <UniqueIdentifier>{b315d1ec-48f1-4a26-9281-16e738d61130}</UniqueIdentifier>
    </Filter>
    <Filter Include="02-Specific%28Windows%29\02-OSAL\02-HartIp">
      <UniqueIdentifier>{ab4b2078-60cf-4b26-90cb-293d7b540489}</UniqueIdentifier>
    </Filter>
    <Filter Include="00-Master&amp;Slave">
      <UniqueIdentifier>{de0d4c09-c7c9-4f6d-8dd3-3dfb12144f4e}</UniqueIdentifier>
    </Filter>
  </ItemGroup>
  <ItemGroup>
    <ClInclude Include="01-Shell\BaHartSlave.h">
      <Filter>02-Specific%28Windows%29\01-Shell</Filter>
    </ClInclude>
    <ClInclude Include="02-OSAL\WinSystem.h">
      <Filter>02-Specific%28Windows%29\02-OSAL</Filter>
    </ClInclude>
    <ClInclude Include="..\..\01-Common\01-Interface\HartSlaveIface.h">
      <Filter>01-Common\01-Interface</Filter>
    </ClInclude>
    <ClInclude Include="..\..\01-Common\01-Interface\WbHartS_Structures.h">
      <Filter>01-Common\01-Interface</Filter>
    </ClInclude>
    <ClInclude Include="..\..\01-Common\01-Interface\WbHartS_Typedefs.h">
      <Filter>01-Common\01-Interface</Filter>
    </ClInclude>
    <ClInclude Include="..\..\01-Common\01-Interface\WbHartUser.h">
      <Filter>01-Common\01-Interface</Filter>
    </ClInclude>
    <ClInclude Include="..\..\01-Common\02-AppLayer\AnyCommandIntp.h">
      <Filter>01-Common\02-AppLayer</Filter>
    </ClInclude>
    <ClInclude Include="..\..\01-Common\02-AppLayer\HartBurst.h">
      <Filter>01-Common\02-AppLayer</Filter>
    </ClInclude>
    <ClInclude Include="..\..\01-Common\02-AppLayer\HartChannel.h">
      <Filter>01-Common\02-AppLayer</Filter>
    </ClInclude>
    <ClInclude Include="..\..\01-Common\01-Interface\HartDevice.h">
      <Filter>01-Common\01-Interface</Filter>
    </ClInclude>
    <ClInclude Include="..\..\01-Common\03-Layer7\HartData.h">
      <Filter>01-Common\03-Layer7</Filter>
    </ClInclude>
    <ClInclude Include="..\..\01-Common\03-Layer7\HartService.h">
      <Filter>01-Common\03-Layer7</Filter>
    </ClInclude>
    <ClInclude Include="..\..\01-Common\03-Layer7\UniCommandIntp.h">
      <Filter>01-Common\03-Layer7</Filter>
    </ClInclude>
    <ClInclude Include="..\..\01-Common\04-Layer2\01-Uart\HSuartLayer2.h">
      <Filter>01-Common\04-Layer2\01-Uart</Filter>
    </ClInclude>
    <ClInclude Include="..\..\01-Common\04-Layer2\01-Uart\HSuartMacPort.h">
      <Filter>01-Common\04-Layer2\01-Uart</Filter>
    </ClInclude>
    <ClInclude Include="..\..\01-Common\04-Layer2\01-Uart\HSuartProtocol.h">
      <Filter>01-Common\04-Layer2\01-Uart</Filter>
    </ClInclude>
    <ClInclude Include="..\..\01-Common\04-Layer2\02-HartIp\HSipLayer2.h">
      <Filter>01-Common\04-Layer2\02-HartIp</Filter>
    </ClInclude>
    <ClInclude Include="..\..\01-Common\04-Layer2\02-HartIp\HSipMacPort.h">
      <Filter>01-Common\04-Layer2\02-HartIp</Filter>
    </ClInclude>
    <ClInclude Include="..\..\01-Common\04-Layer2\02-HartIp\HSipProtocol.h">
      <Filter>01-Common\04-Layer2\02-HartIp</Filter>
    </ClInclude>
    <ClInclude Include="..\..\01-Common\04-Layer2\Monitor.h">
      <Filter>01-Common\04-Layer2</Filter>
    </ClInclude>
    <ClInclude Include="resource.h" />
    <ClInclude Include="..\..\..\..\01-Master&amp;Slave\01-C++\HartConsts.h">
      <Filter>00-Master&amp;Slave</Filter>
    </ClInclude>
    <ClInclude Include="..\..\..\..\01-Master&amp;Slave\01-C++\HartFrame.h">
      <Filter>00-Master&amp;Slave</Filter>
    </ClInclude>
    <ClInclude Include="..\..\..\..\01-Master&amp;Slave\01-C++\OSAL.h">
      <Filter>00-Master&amp;Slave</Filter>
    </ClInclude>
    <ClInclude Include="..\..\..\..\01-Master&amp;Slave\01-C++\WbHart_Typedefs.h">
      <Filter>00-Master&amp;Slave</Filter>
    </ClInclude>
    <ClInclude Include="..\..\..\..\01-Master&amp;Slave\01-C++\HartCoding.h">
      <Filter>00-Master&amp;Slave</Filter>
    </ClInclude>
  </ItemGroup>
  <ItemGroup>
    <ClCompile Include="01-Shell\BaHartSlave.cpp">
      <Filter>02-Specific%28Windows%29\01-Shell</Filter>
    </ClCompile>
    <ClCompile Include="02-OSAL\MonitorSlave.cpp">
      <Filter>02-Specific%28Windows%29\02-OSAL</Filter>
    </ClCompile>
    <ClCompile Include="02-OSAL\OSAL.cpp">
      <Filter>02-Specific%28Windows%29\02-OSAL</Filter>
    </ClCompile>
    <ClCompile Include="02-OSAL\WinSystem.cpp">
      <Filter>02-Specific%28Windows%29\02-OSAL</Filter>
    </ClCompile>
    <ClCompile Include="02-OSAL\01-Uart\HSuartMacPort.cpp">
      <Filter>02-Specific%28Windows%29\02-OSAL\01-Uart</Filter>
    </ClCompile>
    <ClCompile Include="..\..\01-Common\HartFrameSlave.cpp">
      <Filter>01-Common</Filter>
    </ClCompile>
    <ClCompile Include="..\..\01-Common\01-Interface\HartSlaveIface.cpp">
      <Filter>01-Common\01-Interface</Filter>
    </ClCompile>
    <ClCompile Include="..\..\01-Common\02-AppLayer\AnyCommandIntp.cpp">
      <Filter>01-Common\02-AppLayer</Filter>
    </ClCompile>
    <ClCompile Include="..\..\01-Common\02-AppLayer\HartBurst.cpp">
      <Filter>01-Common\02-AppLayer</Filter>
    </ClCompile>
    <ClCompile Include="..\..\01-Common\02-AppLayer\HartChannel.cpp">
      <Filter>01-Common\02-AppLayer</Filter>
    </ClCompile>
    <ClCompile Include="..\..\01-Common\01-Interface\HartDevice.cpp">
      <Filter>01-Common\01-Interface</Filter>
    </ClCompile>
    <ClCompile Include="..\..\01-Common\03-Layer7\HartData.cpp">
      <Filter>01-Common\03-Layer7</Filter>
    </ClCompile>
    <ClCompile Include="..\..\01-Common\03-Layer7\HartService.cpp">
      <Filter>01-Common\03-Layer7</Filter>
    </ClCompile>
    <ClCompile Include="..\..\01-Common\03-Layer7\UniCommandIntp.cpp">
      <Filter>01-Common\03-Layer7</Filter>
    </ClCompile>
    <ClCompile Include="..\..\01-Common\04-Layer2\01-Uart\HSuartLayer2.cpp">
      <Filter>01-Common\04-Layer2\01-Uart</Filter>
    </ClCompile>
    <ClCompile Include="..\..\01-Common\04-Layer2\01-Uart\HSuartProtocol.cpp">
      <Filter>01-Common\04-Layer2\01-Uart</Filter>
    </ClCompile>
    <ClCompile Include="..\..\01-Common\04-Layer2\02-HartIp\HSipLayer2.cpp">
      <Filter>01-Common\04-Layer2\02-HartIp</Filter>
    </ClCompile>
    <ClCompile Include="..\..\01-Common\04-Layer2\02-HartIp\HSipProtocol.cpp">
      <Filter>01-Common\04-Layer2\02-HartIp</Filter>
    </ClCompile>
    <ClCompile Include="02-OSAL\02-HartIp\HSipMacPort.cpp">
      <Filter>02-Specific%28Windows%29\02-OSAL\02-HartIp</Filter>
    </ClCompile>
    <ClCompile Include="..\..\..\..\01-Master&amp;Slave\01-C++\HartFrame.cpp">
      <Filter>00-Master&amp;Slave</Filter>
    </ClCompile>
    <ClCompile Include="..\..\..\..\01-Master&amp;Slave\01-C++\HartCoding.cpp">
      <Filter>00-Master&amp;Slave</Filter>
    </ClCompile>
    <ClCompile Include="..\..\..\..\01-Master&amp;Slave\01-C++\Monitor.cpp">
      <Filter>00-Master&amp;Slave</Filter>
    </ClCompile>
  </ItemGroup>
  <ItemGroup>
    <ResourceCompile Include="BaHartSlaveDLL.rc" />
  </ItemGroup>
</Project>